// !$*UTF8*$!
{
	archiveVersion = 1;
	classes = {
	};
	objectVersion = 46;
	objects = {

/* Begin PBXBuildFile section */
		361395341E33988600AA980C /* ReceiveTakePicViewController.swift in Sources */ = {isa = PBXBuildFile; fileRef = 361395321E33988600AA980C /* ReceiveTakePicViewController.swift */; };
		361395351E33988600AA980C /* ReceiveTakePicViewController.xib in Resources */ = {isa = PBXBuildFile; fileRef = 361395331E33988600AA980C /* ReceiveTakePicViewController.xib */; };
		361395391E3398AA00AA980C /* NhanDonGiaoViewController.swift in Sources */ = {isa = PBXBuildFile; fileRef = 361395371E3398AA00AA980C /* NhanDonGiaoViewController.swift */; };
		3613953A1E3398AA00AA980C /* NhanDonGiaoViewController.xib in Resources */ = {isa = PBXBuildFile; fileRef = 361395381E3398AA00AA980C /* NhanDonGiaoViewController.xib */; };
		3613953E1E3398BA00AA980C /* HangVeKhoViewController.swift in Sources */ = {isa = PBXBuildFile; fileRef = 3613953C1E3398BA00AA980C /* HangVeKhoViewController.swift */; };
		3613953F1E3398BA00AA980C /* HangVeKhoViewController.xib in Resources */ = {isa = PBXBuildFile; fileRef = 3613953D1E3398BA00AA980C /* HangVeKhoViewController.xib */; };
		361395431E3398CC00AA980C /* PurchaseViewController.swift in Sources */ = {isa = PBXBuildFile; fileRef = 361395411E3398CC00AA980C /* PurchaseViewController.swift */; };
		361395441E3398CC00AA980C /* PurchaseViewController.xib in Resources */ = {isa = PBXBuildFile; fileRef = 361395421E3398CC00AA980C /* PurchaseViewController.xib */; };
		3618E57B1E31B91300756DB6 /* RegisterViewController.swift in Sources */ = {isa = PBXBuildFile; fileRef = 3618E5791E31B91300756DB6 /* RegisterViewController.swift */; };
		3618E57C1E31B91300756DB6 /* RegisterViewController.xib in Resources */ = {isa = PBXBuildFile; fileRef = 3618E57A1E31B91300756DB6 /* RegisterViewController.xib */; };
		361AC02D1E4DEAA800783D00 /* DoiDiaChiViewController.swift in Sources */ = {isa = PBXBuildFile; fileRef = 361AC02B1E4DEAA800783D00 /* DoiDiaChiViewController.swift */; };
		361AC02E1E4DEAA800783D00 /* DoiDiaChiViewController.xib in Resources */ = {isa = PBXBuildFile; fileRef = 361AC02C1E4DEAA800783D00 /* DoiDiaChiViewController.xib */; };
		361AC0391E4DF82B00783D00 /* libc++.tbd in Frameworks */ = {isa = PBXBuildFile; fileRef = 361AC0381E4DF82B00783D00 /* libc++.tbd */; };
		361AC03B1E4DF83300783D00 /* libz.tbd in Frameworks */ = {isa = PBXBuildFile; fileRef = 361AC03A1E4DF83300783D00 /* libz.tbd */; };
		361AC03D1E4DF83C00783D00 /* SystemConfiguration.framework in Frameworks */ = {isa = PBXBuildFile; fileRef = 361AC03C1E4DF83C00783D00 /* SystemConfiguration.framework */; };
		361AC03F1E4DF84500783D00 /* Security.framework in Frameworks */ = {isa = PBXBuildFile; fileRef = 361AC03E1E4DF84500783D00 /* Security.framework */; };
		361DCB281E5313950077755A /* DonGIaoMoiViewController.swift in Sources */ = {isa = PBXBuildFile; fileRef = 361DCB261E5313950077755A /* DonGIaoMoiViewController.swift */; };
		361DCB291E5313950077755A /* DonGIaoMoiViewController.xib in Resources */ = {isa = PBXBuildFile; fileRef = 361DCB271E5313950077755A /* DonGIaoMoiViewController.xib */; };
		362B775A1E49BC1700768F32 /* PhoneSearchTableViewCell.swift in Sources */ = {isa = PBXBuildFile; fileRef = 362B77581E49BC1700768F32 /* PhoneSearchTableViewCell.swift */; };
		362B775B1E49BC1700768F32 /* PhoneSearchTableViewCell.xib in Resources */ = {isa = PBXBuildFile; fileRef = 362B77591E49BC1700768F32 /* PhoneSearchTableViewCell.xib */; };
		362B775D1E49C77100768F32 /* ToastSwiftFramework.framework in Frameworks */ = {isa = PBXBuildFile; fileRef = 362B775C1E49C77100768F32 /* ToastSwiftFramework.framework */; };
		362B775E1E49C77E00768F32 /* ToastSwiftFramework.framework in Frameworks */ = {isa = PBXBuildFile; fileRef = 362B775C1E49C77100768F32 /* ToastSwiftFramework.framework */; };
		362B775F1E49C77E00768F32 /* ToastSwiftFramework.framework in Embed Frameworks */ = {isa = PBXBuildFile; fileRef = 362B775C1E49C77100768F32 /* ToastSwiftFramework.framework */; settings = {ATTRIBUTES = (CodeSignOnCopy, RemoveHeadersOnCopy, ); }; };
		363DCC201E54B03E0012B0DF /* DonHoanTableViewCell.swift in Sources */ = {isa = PBXBuildFile; fileRef = 363DCC1E1E54B03D0012B0DF /* DonHoanTableViewCell.swift */; };
		363DCC211E54B03E0012B0DF /* DonHoanTableViewCell.xib in Resources */ = {isa = PBXBuildFile; fileRef = 363DCC1F1E54B03D0012B0DF /* DonHoanTableViewCell.xib */; };
		3648DB361E37436E0037F710 /* CarbonKit.framework in Frameworks */ = {isa = PBXBuildFile; fileRef = 3648DB351E37436E0037F710 /* CarbonKit.framework */; };
		3648DB371E3743750037F710 /* CarbonKit.framework in Frameworks */ = {isa = PBXBuildFile; fileRef = 3648DB351E37436E0037F710 /* CarbonKit.framework */; };
		3648DB381E3743750037F710 /* CarbonKit.framework in Embed Frameworks */ = {isa = PBXBuildFile; fileRef = 3648DB351E37436E0037F710 /* CarbonKit.framework */; settings = {ATTRIBUTES = (CodeSignOnCopy, RemoveHeadersOnCopy, ); }; };
		364E0F5C1E311A2C0012BD45 /* AppDelegate.swift in Sources */ = {isa = PBXBuildFile; fileRef = 364E0F5B1E311A2C0012BD45 /* AppDelegate.swift */; };
		364E0F5E1E311A2C0012BD45 /* ViewController.swift in Sources */ = {isa = PBXBuildFile; fileRef = 364E0F5D1E311A2C0012BD45 /* ViewController.swift */; };
		364E0F611E311A2C0012BD45 /* Main.storyboard in Resources */ = {isa = PBXBuildFile; fileRef = 364E0F5F1E311A2C0012BD45 /* Main.storyboard */; };
		364E0F661E311A2C0012BD45 /* LaunchScreen.storyboard in Resources */ = {isa = PBXBuildFile; fileRef = 364E0F641E311A2C0012BD45 /* LaunchScreen.storyboard */; };
		364E0F711E311ABF0012BD45 /* UIColor-Hex-Swift.swift in Sources */ = {isa = PBXBuildFile; fileRef = 364E0F6F1E311ABF0012BD45 /* UIColor-Hex-Swift.swift */; };
		364E0F721E311ABF0012BD45 /* UIView+IBInspectable.swift in Sources */ = {isa = PBXBuildFile; fileRef = 364E0F701E311ABF0012BD45 /* UIView+IBInspectable.swift */; };
		364E0F741E311AD30012BD45 /* SlideMenuControllerSwift.framework in Frameworks */ = {isa = PBXBuildFile; fileRef = 364E0F731E311AD30012BD45 /* SlideMenuControllerSwift.framework */; };
		364E0F7A1E311B070012BD45 /* MainViewController.swift in Sources */ = {isa = PBXBuildFile; fileRef = 364E0F781E311B070012BD45 /* MainViewController.swift */; };
		364E0F7B1E311B070012BD45 /* MainViewController.xib in Resources */ = {isa = PBXBuildFile; fileRef = 364E0F791E311B070012BD45 /* MainViewController.xib */; };
		364E0F801E311B230012BD45 /* MenuViewController.swift in Sources */ = {isa = PBXBuildFile; fileRef = 364E0F7E1E311B230012BD45 /* MenuViewController.swift */; };
		364E0F811E311B230012BD45 /* MenuViewController.xib in Resources */ = {isa = PBXBuildFile; fileRef = 364E0F7F1E311B230012BD45 /* MenuViewController.xib */; };
		364E0F871E311C170012BD45 /* MenuTableViewCell.swift in Sources */ = {isa = PBXBuildFile; fileRef = 364E0F851E311C170012BD45 /* MenuTableViewCell.swift */; };
		364E0F881E311C170012BD45 /* MenuTableViewCell.xib in Resources */ = {isa = PBXBuildFile; fileRef = 364E0F861E311C170012BD45 /* MenuTableViewCell.xib */; };
		364E0F891E311D4E0012BD45 /* SlideMenuControllerSwift.framework in Frameworks */ = {isa = PBXBuildFile; fileRef = 364E0F731E311AD30012BD45 /* SlideMenuControllerSwift.framework */; };
		364E0F8A1E311D4E0012BD45 /* SlideMenuControllerSwift.framework in Embed Frameworks */ = {isa = PBXBuildFile; fileRef = 364E0F731E311AD30012BD45 /* SlideMenuControllerSwift.framework */; settings = {ATTRIBUTES = (CodeSignOnCopy, RemoveHeadersOnCopy, ); }; };
		365024681E38ED5C00963E0B /* HoanDonViewController.swift in Sources */ = {isa = PBXBuildFile; fileRef = 365024661E38ED5C00963E0B /* HoanDonViewController.swift */; };
		365024691E38ED5C00963E0B /* HoanDonViewController.xib in Resources */ = {isa = PBXBuildFile; fileRef = 365024671E38ED5C00963E0B /* HoanDonViewController.xib */; };
		3650246E1E38F3E800963E0B /* GhiChuViewController.swift in Sources */ = {isa = PBXBuildFile; fileRef = 3650246C1E38F3E800963E0B /* GhiChuViewController.swift */; };
		3650246F1E38F3E800963E0B /* GhiChuViewController.xib in Resources */ = {isa = PBXBuildFile; fileRef = 3650246D1E38F3E800963E0B /* GhiChuViewController.xib */; };
		36534BFC1E4ED4C200229DD5 /* HuyDonViewController.swift in Sources */ = {isa = PBXBuildFile; fileRef = 36534BFA1E4ED4C200229DD5 /* HuyDonViewController.swift */; };
		36534BFD1E4ED4C200229DD5 /* HuyDonViewController.xib in Resources */ = {isa = PBXBuildFile; fileRef = 36534BFB1E4ED4C200229DD5 /* HuyDonViewController.xib */; };
		36534C011E4EE8D300229DD5 /* ChuyenDonViewController.swift in Sources */ = {isa = PBXBuildFile; fileRef = 36534BFF1E4EE8D300229DD5 /* ChuyenDonViewController.swift */; };
		36534C021E4EE8D300229DD5 /* ChuyenDonViewController.xib in Resources */ = {isa = PBXBuildFile; fileRef = 36534C001E4EE8D300229DD5 /* ChuyenDonViewController.xib */; };
		36534C051E4EF2F800229DD5 /* NhanVien.swift in Sources */ = {isa = PBXBuildFile; fileRef = 36534C041E4EF2F800229DD5 /* NhanVien.swift */; };
		36534C0A1E4F039100229DD5 /* RegisInfoFamilyTableViewCell.swift in Sources */ = {isa = PBXBuildFile; fileRef = 36534C081E4F039100229DD5 /* RegisInfoFamilyTableViewCell.swift */; };
		36534C0B1E4F039100229DD5 /* RegisInfoFamilyTableViewCell.xib in Resources */ = {isa = PBXBuildFile; fileRef = 36534C091E4F039100229DD5 /* RegisInfoFamilyTableViewCell.xib */; };
		3655827E1E363C1C002CD1A1 /* UtilsConvert.swift in Sources */ = {isa = PBXBuildFile; fileRef = 3655827D1E363C1C002CD1A1 /* UtilsConvert.swift */; };
		365D68541E51A29F0022F0B5 /* DeliveryViewController.xib in Resources */ = {isa = PBXBuildFile; fileRef = 365D68531E51A29F0022F0B5 /* DeliveryViewController.xib */; };
		365D68581E51A45B0022F0B5 /* DeliveryCollectionViewCell.swift in Sources */ = {isa = PBXBuildFile; fileRef = 365D68561E51A45B0022F0B5 /* DeliveryCollectionViewCell.swift */; };
		365D68591E51A45B0022F0B5 /* DeliveryCollectionViewCell.xib in Resources */ = {isa = PBXBuildFile; fileRef = 365D68571E51A45B0022F0B5 /* DeliveryCollectionViewCell.xib */; };
		365F67681E3641B4001B6CEC /* SwiftyJSON.framework in Frameworks */ = {isa = PBXBuildFile; fileRef = 365F67671E3641B4001B6CEC /* SwiftyJSON.framework */; };
		365F67691E3641BB001B6CEC /* SwiftyJSON.framework in Frameworks */ = {isa = PBXBuildFile; fileRef = 365F67671E3641B4001B6CEC /* SwiftyJSON.framework */; };
		365F676A1E3641BB001B6CEC /* SwiftyJSON.framework in Embed Frameworks */ = {isa = PBXBuildFile; fileRef = 365F67671E3641B4001B6CEC /* SwiftyJSON.framework */; settings = {ATTRIBUTES = (CodeSignOnCopy, RemoveHeadersOnCopy, ); }; };
		365F676E1E364491001B6CEC /* ReceivePerson.swift in Sources */ = {isa = PBXBuildFile; fileRef = 365F676D1E364491001B6CEC /* ReceivePerson.swift */; };
		36662D441E3C284B00B30245 /* TakePictureViewController.swift in Sources */ = {isa = PBXBuildFile; fileRef = 36662D421E3C284B00B30245 /* TakePictureViewController.swift */; };
		36662D451E3C284B00B30245 /* TakePictureViewController.xib in Resources */ = {isa = PBXBuildFile; fileRef = 36662D431E3C284B00B30245 /* TakePictureViewController.xib */; };
		36662D4A1E3C293600B30245 /* QuetMaVachViewController.swift in Sources */ = {isa = PBXBuildFile; fileRef = 36662D481E3C293600B30245 /* QuetMaVachViewController.swift */; };
		36662D4B1E3C293600B30245 /* QuetMaVachViewController.xib in Resources */ = {isa = PBXBuildFile; fileRef = 36662D491E3C293600B30245 /* QuetMaVachViewController.xib */; };
		36662D4E1E3C294700B30245 /* PhoneSearchViewController.swift in Sources */ = {isa = PBXBuildFile; fileRef = 36662D4C1E3C294700B30245 /* PhoneSearchViewController.swift */; };
		36662D4F1E3C294700B30245 /* PhoneSearchViewController.xib in Resources */ = {isa = PBXBuildFile; fileRef = 36662D4D1E3C294700B30245 /* PhoneSearchViewController.xib */; };
		36665D641E3365E0006B18C0 /* Assets.xcassets in Resources */ = {isa = PBXBuildFile; fileRef = 36665D631E3365E0006B18C0 /* Assets.xcassets */; };
		36665D691E336B62006B18C0 /* ReceiveTappedTableViewCell.swift in Sources */ = {isa = PBXBuildFile; fileRef = 36665D671E336B62006B18C0 /* ReceiveTappedTableViewCell.swift */; };
		36665D6A1E336B62006B18C0 /* ReceiveTappedTableViewCell.xib in Resources */ = {isa = PBXBuildFile; fileRef = 36665D681E336B62006B18C0 /* ReceiveTappedTableViewCell.xib */; };
		36696C341E3CDF92005354BE /* DLRadioButton.framework in Frameworks */ = {isa = PBXBuildFile; fileRef = 36696C331E3CDF92005354BE /* DLRadioButton.framework */; };
		36696C351E3CDF9D005354BE /* DLRadioButton.framework in Frameworks */ = {isa = PBXBuildFile; fileRef = 36696C331E3CDF92005354BE /* DLRadioButton.framework */; };
		36696C361E3CDF9D005354BE /* DLRadioButton.framework in Embed Frameworks */ = {isa = PBXBuildFile; fileRef = 36696C331E3CDF92005354BE /* DLRadioButton.framework */; settings = {ATTRIBUTES = (CodeSignOnCopy, RemoveHeadersOnCopy, ); }; };
		367CA5861E34C7A9004A6D59 /* CoreActionSheetPicker.framework in Frameworks */ = {isa = PBXBuildFile; fileRef = 367CA5851E34C7A9004A6D59 /* CoreActionSheetPicker.framework */; };
		367CA5871E34C7B3004A6D59 /* CoreActionSheetPicker.framework in Frameworks */ = {isa = PBXBuildFile; fileRef = 367CA5851E34C7A9004A6D59 /* CoreActionSheetPicker.framework */; };
		367CA5881E34C7B3004A6D59 /* CoreActionSheetPicker.framework in Embed Frameworks */ = {isa = PBXBuildFile; fileRef = 367CA5851E34C7A9004A6D59 /* CoreActionSheetPicker.framework */; settings = {ATTRIBUTES = (CodeSignOnCopy, RemoveHeadersOnCopy, ); }; };
		367CA58E1E34C8FC004A6D59 /* RegisInforFamilyViewController.swift in Sources */ = {isa = PBXBuildFile; fileRef = 367CA58C1E34C8FC004A6D59 /* RegisInforFamilyViewController.swift */; };
		367CA58F1E34C8FC004A6D59 /* RegisInforFamilyViewController.xib in Resources */ = {isa = PBXBuildFile; fileRef = 367CA58D1E34C8FC004A6D59 /* RegisInforFamilyViewController.xib */; };
		367CA5931E34C924004A6D59 /* RegisInfoAccountViewController.swift in Sources */ = {isa = PBXBuildFile; fileRef = 367CA5911E34C924004A6D59 /* RegisInfoAccountViewController.swift */; };
		367CA5941E34C924004A6D59 /* RegisInfoAccountViewController.xib in Resources */ = {isa = PBXBuildFile; fileRef = 367CA5921E34C924004A6D59 /* RegisInfoAccountViewController.xib */; };
		367DF2251E4C6964005352EA /* ds_tinh.txt in Resources */ = {isa = PBXBuildFile; fileRef = 367DF2241E4C6964005352EA /* ds_tinh.txt */; };
		368CDF911E31CF7600A9C579 /* Extension.swift in Sources */ = {isa = PBXBuildFile; fileRef = 368CDF901E31CF7600A9C579 /* Extension.swift */; };
		369AA9681E312093008C7272 /* ReceiveViewController.swift in Sources */ = {isa = PBXBuildFile; fileRef = 369AA9661E312093008C7272 /* ReceiveViewController.swift */; };
		369AA9691E312093008C7272 /* ReceiveViewController.xib in Resources */ = {isa = PBXBuildFile; fileRef = 369AA9671E312093008C7272 /* ReceiveViewController.xib */; };
		369AA96D1E3123DE008C7272 /* DeliveryViewController.swift in Sources */ = {isa = PBXBuildFile; fileRef = 369AA96B1E3123DE008C7272 /* DeliveryViewController.swift */; };
		369AA9731E312442008C7272 /* ReceiveTableViewCell.swift in Sources */ = {isa = PBXBuildFile; fileRef = 369AA9711E312442008C7272 /* ReceiveTableViewCell.swift */; };
		369AA9741E312442008C7272 /* ReceiveTableViewCell.xib in Resources */ = {isa = PBXBuildFile; fileRef = 369AA9721E312442008C7272 /* ReceiveTableViewCell.xib */; };
		369AA9791E312904008C7272 /* LoginViewController.swift in Sources */ = {isa = PBXBuildFile; fileRef = 369AA9771E312904008C7272 /* LoginViewController.swift */; };
		369AA97A1E312904008C7272 /* LoginViewController.xib in Resources */ = {isa = PBXBuildFile; fileRef = 369AA9781E312904008C7272 /* LoginViewController.xib */; };
		36D769FE1E37461A00E6E08B /* DonHenGiaoViewController.swift in Sources */ = {isa = PBXBuildFile; fileRef = 36D769FC1E37461A00E6E08B /* DonHenGiaoViewController.swift */; };
		36D769FF1E37461A00E6E08B /* DonHenGiaoViewController.xib in Resources */ = {isa = PBXBuildFile; fileRef = 36D769FD1E37461A00E6E08B /* DonHenGiaoViewController.xib */; };
		36D76A031E37462A00E6E08B /* DonHoanViewController.swift in Sources */ = {isa = PBXBuildFile; fileRef = 36D76A011E37462A00E6E08B /* DonHoanViewController.swift */; };
		36D76A041E37462A00E6E08B /* DonHoanViewController.xib in Resources */ = {isa = PBXBuildFile; fileRef = 36D76A021E37462A00E6E08B /* DonHoanViewController.xib */; };
		36D76A061E3756CB00E6E08B /* BaseViewController.swift in Sources */ = {isa = PBXBuildFile; fileRef = 36D76A051E3756CB00E6E08B /* BaseViewController.swift */; };
		36D76A081E3758AE00E6E08B /* MBProgressHUD.framework in Frameworks */ = {isa = PBXBuildFile; fileRef = 36D76A071E3758AE00E6E08B /* MBProgressHUD.framework */; };
		36D76A091E3758B300E6E08B /* MBProgressHUD.framework in Frameworks */ = {isa = PBXBuildFile; fileRef = 36D76A071E3758AE00E6E08B /* MBProgressHUD.framework */; };
		36D76A0A1E3758B300E6E08B /* MBProgressHUD.framework in Embed Frameworks */ = {isa = PBXBuildFile; fileRef = 36D76A071E3758AE00E6E08B /* MBProgressHUD.framework */; settings = {ATTRIBUTES = (CodeSignOnCopy, RemoveHeadersOnCopy, ); }; };
		36D76A0D1E3875C000E6E08B /* DeliveryObject.swift in Sources */ = {isa = PBXBuildFile; fileRef = 36D76A0C1E3875C000E6E08B /* DeliveryObject.swift */; };
		36D76A1A1E38978000E6E08B /* STPopup.framework in Frameworks */ = {isa = PBXBuildFile; fileRef = 36D76A191E38978000E6E08B /* STPopup.framework */; };
		36D76A1B1E38978700E6E08B /* STPopup.framework in Frameworks */ = {isa = PBXBuildFile; fileRef = 36D76A191E38978000E6E08B /* STPopup.framework */; };
		36D76A1C1E38978700E6E08B /* STPopup.framework in Embed Frameworks */ = {isa = PBXBuildFile; fileRef = 36D76A191E38978000E6E08B /* STPopup.framework */; settings = {ATTRIBUTES = (CodeSignOnCopy, RemoveHeadersOnCopy, ); }; };
		36D76A201E38A67500E6E08B /* HoanThanhViewController.swift in Sources */ = {isa = PBXBuildFile; fileRef = 36D76A1E1E38A67500E6E08B /* HoanThanhViewController.swift */; };
		36D76A211E38A67500E6E08B /* HoanThanhViewController.xib in Resources */ = {isa = PBXBuildFile; fileRef = 36D76A1F1E38A67500E6E08B /* HoanThanhViewController.xib */; };
		36E2CAC81E31D4FB00CBC4A3 /* Alamofire.framework in Frameworks */ = {isa = PBXBuildFile; fileRef = 36E2CAC71E31D4FB00CBC4A3 /* Alamofire.framework */; };
		36E2CACE1E31D61600CBC4A3 /* Alamofire.framework in Frameworks */ = {isa = PBXBuildFile; fileRef = 36E2CAC71E31D4FB00CBC4A3 /* Alamofire.framework */; };
		36E2CACF1E31D61600CBC4A3 /* Alamofire.framework in Embed Frameworks */ = {isa = PBXBuildFile; fileRef = 36E2CAC71E31D4FB00CBC4A3 /* Alamofire.framework */; settings = {ATTRIBUTES = (CodeSignOnCopy, RemoveHeadersOnCopy, ); }; };
		36FA676F1E4EA50400061217 /* CallDieuVanViewController.swift in Sources */ = {isa = PBXBuildFile; fileRef = 36FA676D1E4EA50400061217 /* CallDieuVanViewController.swift */; };
		36FA67701E4EA50400061217 /* CallDieuVanViewController.xib in Resources */ = {isa = PBXBuildFile; fileRef = 36FA676E1E4EA50400061217 /* CallDieuVanViewController.xib */; };
		36FA67751E4EB2BA00061217 /* ReceiveDetailTableViewCell.swift in Sources */ = {isa = PBXBuildFile; fileRef = 36FA67731E4EB2BA00061217 /* ReceiveDetailTableViewCell.swift */; };
		36FA67761E4EB2BA00061217 /* ReceiveDetailTableViewCell.xib in Resources */ = {isa = PBXBuildFile; fileRef = 36FA67741E4EB2BA00061217 /* ReceiveDetailTableViewCell.xib */; };
		36FCE9611E4B1A5C00A72871 /* HenGioViewController.swift in Sources */ = {isa = PBXBuildFile; fileRef = 36FCE95F1E4B1A5C00A72871 /* HenGioViewController.swift */; };
		36FCE9621E4B1A5C00A72871 /* HenGioViewController.xib in Resources */ = {isa = PBXBuildFile; fileRef = 36FCE9601E4B1A5C00A72871 /* HenGioViewController.xib */; };
		36FCE9641E4B470300A72871 /* IQKeyboardManagerSwift.framework in Frameworks */ = {isa = PBXBuildFile; fileRef = 36FCE9631E4B470300A72871 /* IQKeyboardManagerSwift.framework */; };
		36FCE9651E4B472600A72871 /* IQKeyboardManagerSwift.framework in Frameworks */ = {isa = PBXBuildFile; fileRef = 36FCE9631E4B470300A72871 /* IQKeyboardManagerSwift.framework */; };
		36FCE9661E4B472600A72871 /* IQKeyboardManagerSwift.framework in Embed Frameworks */ = {isa = PBXBuildFile; fileRef = 36FCE9631E4B470300A72871 /* IQKeyboardManagerSwift.framework */; settings = {ATTRIBUTES = (CodeSignOnCopy, RemoveHeadersOnCopy, ); }; };
/* End PBXBuildFile section */

/* Begin PBXCopyFilesBuildPhase section */
		364E0F8B1E311D4E0012BD45 /* Embed Frameworks */ = {
			isa = PBXCopyFilesBuildPhase;
			buildActionMask = 2147483647;
			dstPath = "";
			dstSubfolderSpec = 10;
			files = (
				3648DB381E3743750037F710 /* CarbonKit.framework in Embed Frameworks */,
				365F676A1E3641BB001B6CEC /* SwiftyJSON.framework in Embed Frameworks */,
				36D76A0A1E3758B300E6E08B /* MBProgressHUD.framework in Embed Frameworks */,
				36D76A1C1E38978700E6E08B /* STPopup.framework in Embed Frameworks */,
				362B775F1E49C77E00768F32 /* ToastSwiftFramework.framework in Embed Frameworks */,
				367CA5881E34C7B3004A6D59 /* CoreActionSheetPicker.framework in Embed Frameworks */,
				36FCE9661E4B472600A72871 /* IQKeyboardManagerSwift.framework in Embed Frameworks */,
				364E0F8A1E311D4E0012BD45 /* SlideMenuControllerSwift.framework in Embed Frameworks */,
				36696C361E3CDF9D005354BE /* DLRadioButton.framework in Embed Frameworks */,
				36E2CACF1E31D61600CBC4A3 /* Alamofire.framework in Embed Frameworks */,
			);
			name = "Embed Frameworks";
			runOnlyForDeploymentPostprocessing = 0;
		};
/* End PBXCopyFilesBuildPhase section */

/* Begin PBXFileReference section */
		361395321E33988600AA980C /* ReceiveTakePicViewController.swift */ = {isa = PBXFileReference; fileEncoding = 4; lastKnownFileType = sourcecode.swift; path = ReceiveTakePicViewController.swift; sourceTree = "<group>"; };
		361395331E33988600AA980C /* ReceiveTakePicViewController.xib */ = {isa = PBXFileReference; fileEncoding = 4; lastKnownFileType = file.xib; path = ReceiveTakePicViewController.xib; sourceTree = "<group>"; };
		361395371E3398AA00AA980C /* NhanDonGiaoViewController.swift */ = {isa = PBXFileReference; fileEncoding = 4; lastKnownFileType = sourcecode.swift; path = NhanDonGiaoViewController.swift; sourceTree = "<group>"; };
		361395381E3398AA00AA980C /* NhanDonGiaoViewController.xib */ = {isa = PBXFileReference; fileEncoding = 4; lastKnownFileType = file.xib; path = NhanDonGiaoViewController.xib; sourceTree = "<group>"; };
		3613953C1E3398BA00AA980C /* HangVeKhoViewController.swift */ = {isa = PBXFileReference; fileEncoding = 4; lastKnownFileType = sourcecode.swift; path = HangVeKhoViewController.swift; sourceTree = "<group>"; };
		3613953D1E3398BA00AA980C /* HangVeKhoViewController.xib */ = {isa = PBXFileReference; fileEncoding = 4; lastKnownFileType = file.xib; path = HangVeKhoViewController.xib; sourceTree = "<group>"; };
		361395411E3398CC00AA980C /* PurchaseViewController.swift */ = {isa = PBXFileReference; fileEncoding = 4; lastKnownFileType = sourcecode.swift; path = PurchaseViewController.swift; sourceTree = "<group>"; };
		361395421E3398CC00AA980C /* PurchaseViewController.xib */ = {isa = PBXFileReference; fileEncoding = 4; lastKnownFileType = file.xib; path = PurchaseViewController.xib; sourceTree = "<group>"; };
		3618E5791E31B91300756DB6 /* RegisterViewController.swift */ = {isa = PBXFileReference; fileEncoding = 4; lastKnownFileType = sourcecode.swift; path = RegisterViewController.swift; sourceTree = "<group>"; };
		3618E57A1E31B91300756DB6 /* RegisterViewController.xib */ = {isa = PBXFileReference; fileEncoding = 4; lastKnownFileType = file.xib; path = RegisterViewController.xib; sourceTree = "<group>"; };
		361AC02B1E4DEAA800783D00 /* DoiDiaChiViewController.swift */ = {isa = PBXFileReference; fileEncoding = 4; lastKnownFileType = sourcecode.swift; path = DoiDiaChiViewController.swift; sourceTree = "<group>"; };
		361AC02C1E4DEAA800783D00 /* DoiDiaChiViewController.xib */ = {isa = PBXFileReference; fileEncoding = 4; lastKnownFileType = file.xib; path = DoiDiaChiViewController.xib; sourceTree = "<group>"; };
		361AC0381E4DF82B00783D00 /* libc++.tbd */ = {isa = PBXFileReference; lastKnownFileType = "sourcecode.text-based-dylib-definition"; name = "libc++.tbd"; path = "usr/lib/libc++.tbd"; sourceTree = SDKROOT; };
		361AC03A1E4DF83300783D00 /* libz.tbd */ = {isa = PBXFileReference; lastKnownFileType = "sourcecode.text-based-dylib-definition"; name = libz.tbd; path = usr/lib/libz.tbd; sourceTree = SDKROOT; };
		361AC03C1E4DF83C00783D00 /* SystemConfiguration.framework */ = {isa = PBXFileReference; lastKnownFileType = wrapper.framework; name = SystemConfiguration.framework; path = System/Library/Frameworks/SystemConfiguration.framework; sourceTree = SDKROOT; };
		361AC03E1E4DF84500783D00 /* Security.framework */ = {isa = PBXFileReference; lastKnownFileType = wrapper.framework; name = Security.framework; path = System/Library/Frameworks/Security.framework; sourceTree = SDKROOT; };
		361DCB261E5313950077755A /* DonGIaoMoiViewController.swift */ = {isa = PBXFileReference; fileEncoding = 4; lastKnownFileType = sourcecode.swift; path = DonGIaoMoiViewController.swift; sourceTree = "<group>"; };
		361DCB271E5313950077755A /* DonGIaoMoiViewController.xib */ = {isa = PBXFileReference; fileEncoding = 4; lastKnownFileType = file.xib; path = DonGIaoMoiViewController.xib; sourceTree = "<group>"; };
		362B77581E49BC1700768F32 /* PhoneSearchTableViewCell.swift */ = {isa = PBXFileReference; fileEncoding = 4; lastKnownFileType = sourcecode.swift; path = PhoneSearchTableViewCell.swift; sourceTree = "<group>"; };
		362B77591E49BC1700768F32 /* PhoneSearchTableViewCell.xib */ = {isa = PBXFileReference; fileEncoding = 4; lastKnownFileType = file.xib; path = PhoneSearchTableViewCell.xib; sourceTree = "<group>"; };
		362B775C1E49C77100768F32 /* ToastSwiftFramework.framework */ = {isa = PBXFileReference; lastKnownFileType = wrapper.framework; name = ToastSwiftFramework.framework; path = giaohangongvong/Carthage/Build/iOS/ToastSwiftFramework.framework; sourceTree = "<group>"; };
		363DCC1E1E54B03D0012B0DF /* DonHoanTableViewCell.swift */ = {isa = PBXFileReference; fileEncoding = 4; lastKnownFileType = sourcecode.swift; path = DonHoanTableViewCell.swift; sourceTree = "<group>"; };
		363DCC1F1E54B03D0012B0DF /* DonHoanTableViewCell.xib */ = {isa = PBXFileReference; fileEncoding = 4; lastKnownFileType = file.xib; path = DonHoanTableViewCell.xib; sourceTree = "<group>"; };
		3648DB351E37436E0037F710 /* CarbonKit.framework */ = {isa = PBXFileReference; lastKnownFileType = wrapper.framework; name = CarbonKit.framework; path = giaohangongvong/Carthage/Build/iOS/CarbonKit.framework; sourceTree = "<group>"; };
		364E0F581E311A2C0012BD45 /* giaohangongvong.app */ = {isa = PBXFileReference; explicitFileType = wrapper.application; includeInIndex = 0; path = giaohangongvong.app; sourceTree = BUILT_PRODUCTS_DIR; };
		364E0F5B1E311A2C0012BD45 /* AppDelegate.swift */ = {isa = PBXFileReference; lastKnownFileType = sourcecode.swift; path = AppDelegate.swift; sourceTree = "<group>"; };
		364E0F5D1E311A2C0012BD45 /* ViewController.swift */ = {isa = PBXFileReference; lastKnownFileType = sourcecode.swift; path = ViewController.swift; sourceTree = "<group>"; };
		364E0F601E311A2C0012BD45 /* Base */ = {isa = PBXFileReference; lastKnownFileType = file.storyboard; name = Base; path = Base.lproj/Main.storyboard; sourceTree = "<group>"; };
		364E0F651E311A2C0012BD45 /* Base */ = {isa = PBXFileReference; lastKnownFileType = file.storyboard; name = Base; path = Base.lproj/LaunchScreen.storyboard; sourceTree = "<group>"; };
		364E0F671E311A2C0012BD45 /* Info.plist */ = {isa = PBXFileReference; lastKnownFileType = text.plist.xml; path = Info.plist; sourceTree = "<group>"; };
		364E0F6F1E311ABF0012BD45 /* UIColor-Hex-Swift.swift */ = {isa = PBXFileReference; fileEncoding = 4; lastKnownFileType = sourcecode.swift; path = "UIColor-Hex-Swift.swift"; sourceTree = "<group>"; };
		364E0F701E311ABF0012BD45 /* UIView+IBInspectable.swift */ = {isa = PBXFileReference; fileEncoding = 4; lastKnownFileType = sourcecode.swift; path = "UIView+IBInspectable.swift"; sourceTree = "<group>"; };
		364E0F731E311AD30012BD45 /* SlideMenuControllerSwift.framework */ = {isa = PBXFileReference; lastKnownFileType = wrapper.framework; name = SlideMenuControllerSwift.framework; path = giaohangongvong/Carthage/Build/iOS/SlideMenuControllerSwift.framework; sourceTree = "<group>"; };
		364E0F781E311B070012BD45 /* MainViewController.swift */ = {isa = PBXFileReference; fileEncoding = 4; lastKnownFileType = sourcecode.swift; path = MainViewController.swift; sourceTree = "<group>"; };
		364E0F791E311B070012BD45 /* MainViewController.xib */ = {isa = PBXFileReference; fileEncoding = 4; lastKnownFileType = file.xib; path = MainViewController.xib; sourceTree = "<group>"; };
		364E0F7E1E311B230012BD45 /* MenuViewController.swift */ = {isa = PBXFileReference; fileEncoding = 4; lastKnownFileType = sourcecode.swift; path = MenuViewController.swift; sourceTree = "<group>"; };
		364E0F7F1E311B230012BD45 /* MenuViewController.xib */ = {isa = PBXFileReference; fileEncoding = 4; lastKnownFileType = file.xib; path = MenuViewController.xib; sourceTree = "<group>"; };
		364E0F851E311C170012BD45 /* MenuTableViewCell.swift */ = {isa = PBXFileReference; fileEncoding = 4; lastKnownFileType = sourcecode.swift; path = MenuTableViewCell.swift; sourceTree = "<group>"; };
		364E0F861E311C170012BD45 /* MenuTableViewCell.xib */ = {isa = PBXFileReference; fileEncoding = 4; lastKnownFileType = file.xib; path = MenuTableViewCell.xib; sourceTree = "<group>"; };
		365024661E38ED5C00963E0B /* HoanDonViewController.swift */ = {isa = PBXFileReference; fileEncoding = 4; lastKnownFileType = sourcecode.swift; path = HoanDonViewController.swift; sourceTree = "<group>"; };
		365024671E38ED5C00963E0B /* HoanDonViewController.xib */ = {isa = PBXFileReference; fileEncoding = 4; lastKnownFileType = file.xib; path = HoanDonViewController.xib; sourceTree = "<group>"; };
		3650246C1E38F3E800963E0B /* GhiChuViewController.swift */ = {isa = PBXFileReference; fileEncoding = 4; lastKnownFileType = sourcecode.swift; path = GhiChuViewController.swift; sourceTree = "<group>"; };
		3650246D1E38F3E800963E0B /* GhiChuViewController.xib */ = {isa = PBXFileReference; fileEncoding = 4; lastKnownFileType = file.xib; path = GhiChuViewController.xib; sourceTree = "<group>"; };
		36534BFA1E4ED4C200229DD5 /* HuyDonViewController.swift */ = {isa = PBXFileReference; fileEncoding = 4; lastKnownFileType = sourcecode.swift; path = HuyDonViewController.swift; sourceTree = "<group>"; };
		36534BFB1E4ED4C200229DD5 /* HuyDonViewController.xib */ = {isa = PBXFileReference; fileEncoding = 4; lastKnownFileType = file.xib; path = HuyDonViewController.xib; sourceTree = "<group>"; };
		36534BFF1E4EE8D300229DD5 /* ChuyenDonViewController.swift */ = {isa = PBXFileReference; fileEncoding = 4; lastKnownFileType = sourcecode.swift; path = ChuyenDonViewController.swift; sourceTree = "<group>"; };
		36534C001E4EE8D300229DD5 /* ChuyenDonViewController.xib */ = {isa = PBXFileReference; fileEncoding = 4; lastKnownFileType = file.xib; path = ChuyenDonViewController.xib; sourceTree = "<group>"; };
		36534C041E4EF2F800229DD5 /* NhanVien.swift */ = {isa = PBXFileReference; fileEncoding = 4; lastKnownFileType = sourcecode.swift; path = NhanVien.swift; sourceTree = "<group>"; };
		36534C081E4F039100229DD5 /* RegisInfoFamilyTableViewCell.swift */ = {isa = PBXFileReference; fileEncoding = 4; lastKnownFileType = sourcecode.swift; path = RegisInfoFamilyTableViewCell.swift; sourceTree = "<group>"; };
		36534C091E4F039100229DD5 /* RegisInfoFamilyTableViewCell.xib */ = {isa = PBXFileReference; fileEncoding = 4; lastKnownFileType = file.xib; path = RegisInfoFamilyTableViewCell.xib; sourceTree = "<group>"; };
		3655827D1E363C1C002CD1A1 /* UtilsConvert.swift */ = {isa = PBXFileReference; fileEncoding = 4; lastKnownFileType = sourcecode.swift; path = UtilsConvert.swift; sourceTree = "<group>"; };
		365D68531E51A29F0022F0B5 /* DeliveryViewController.xib */ = {isa = PBXFileReference; fileEncoding = 4; lastKnownFileType = file.xib; path = DeliveryViewController.xib; sourceTree = "<group>"; };
		365D68561E51A45B0022F0B5 /* DeliveryCollectionViewCell.swift */ = {isa = PBXFileReference; fileEncoding = 4; lastKnownFileType = sourcecode.swift; path = DeliveryCollectionViewCell.swift; sourceTree = "<group>"; };
		365D68571E51A45B0022F0B5 /* DeliveryCollectionViewCell.xib */ = {isa = PBXFileReference; fileEncoding = 4; lastKnownFileType = file.xib; path = DeliveryCollectionViewCell.xib; sourceTree = "<group>"; };
		365F67671E3641B4001B6CEC /* SwiftyJSON.framework */ = {isa = PBXFileReference; lastKnownFileType = wrapper.framework; name = SwiftyJSON.framework; path = giaohangongvong/Carthage/Build/iOS/SwiftyJSON.framework; sourceTree = "<group>"; };
		365F676D1E364491001B6CEC /* ReceivePerson.swift */ = {isa = PBXFileReference; fileEncoding = 4; lastKnownFileType = sourcecode.swift; path = ReceivePerson.swift; sourceTree = "<group>"; };
		36662D421E3C284B00B30245 /* TakePictureViewController.swift */ = {isa = PBXFileReference; fileEncoding = 4; lastKnownFileType = sourcecode.swift; path = TakePictureViewController.swift; sourceTree = "<group>"; };
		36662D431E3C284B00B30245 /* TakePictureViewController.xib */ = {isa = PBXFileReference; fileEncoding = 4; lastKnownFileType = file.xib; path = TakePictureViewController.xib; sourceTree = "<group>"; };
		36662D481E3C293600B30245 /* QuetMaVachViewController.swift */ = {isa = PBXFileReference; fileEncoding = 4; lastKnownFileType = sourcecode.swift; path = QuetMaVachViewController.swift; sourceTree = "<group>"; };
		36662D491E3C293600B30245 /* QuetMaVachViewController.xib */ = {isa = PBXFileReference; fileEncoding = 4; lastKnownFileType = file.xib; path = QuetMaVachViewController.xib; sourceTree = "<group>"; };
		36662D4C1E3C294700B30245 /* PhoneSearchViewController.swift */ = {isa = PBXFileReference; fileEncoding = 4; lastKnownFileType = sourcecode.swift; path = PhoneSearchViewController.swift; sourceTree = "<group>"; };
		36662D4D1E3C294700B30245 /* PhoneSearchViewController.xib */ = {isa = PBXFileReference; fileEncoding = 4; lastKnownFileType = file.xib; path = PhoneSearchViewController.xib; sourceTree = "<group>"; };
		36665D631E3365E0006B18C0 /* Assets.xcassets */ = {isa = PBXFileReference; lastKnownFileType = folder.assetcatalog; path = Assets.xcassets; sourceTree = "<group>"; };
		36665D671E336B62006B18C0 /* ReceiveTappedTableViewCell.swift */ = {isa = PBXFileReference; fileEncoding = 4; lastKnownFileType = sourcecode.swift; path = ReceiveTappedTableViewCell.swift; sourceTree = "<group>"; };
		36665D681E336B62006B18C0 /* ReceiveTappedTableViewCell.xib */ = {isa = PBXFileReference; fileEncoding = 4; lastKnownFileType = file.xib; path = ReceiveTappedTableViewCell.xib; sourceTree = "<group>"; };
		36696C331E3CDF92005354BE /* DLRadioButton.framework */ = {isa = PBXFileReference; lastKnownFileType = wrapper.framework; name = DLRadioButton.framework; path = giaohangongvong/Carthage/Build/iOS/DLRadioButton.framework; sourceTree = "<group>"; };
		367CA5851E34C7A9004A6D59 /* CoreActionSheetPicker.framework */ = {isa = PBXFileReference; lastKnownFileType = wrapper.framework; name = CoreActionSheetPicker.framework; path = giaohangongvong/Carthage/Build/iOS/CoreActionSheetPicker.framework; sourceTree = "<group>"; };
		367CA58C1E34C8FC004A6D59 /* RegisInforFamilyViewController.swift */ = {isa = PBXFileReference; fileEncoding = 4; lastKnownFileType = sourcecode.swift; path = RegisInforFamilyViewController.swift; sourceTree = "<group>"; };
		367CA58D1E34C8FC004A6D59 /* RegisInforFamilyViewController.xib */ = {isa = PBXFileReference; fileEncoding = 4; lastKnownFileType = file.xib; path = RegisInforFamilyViewController.xib; sourceTree = "<group>"; };
		367CA5911E34C924004A6D59 /* RegisInfoAccountViewController.swift */ = {isa = PBXFileReference; fileEncoding = 4; lastKnownFileType = sourcecode.swift; path = RegisInfoAccountViewController.swift; sourceTree = "<group>"; };
		367CA5921E34C924004A6D59 /* RegisInfoAccountViewController.xib */ = {isa = PBXFileReference; fileEncoding = 4; lastKnownFileType = file.xib; path = RegisInfoAccountViewController.xib; sourceTree = "<group>"; };
		367DF2241E4C6964005352EA /* ds_tinh.txt */ = {isa = PBXFileReference; fileEncoding = 4; lastKnownFileType = text; path = ds_tinh.txt; sourceTree = "<group>"; };
		368CDF901E31CF7600A9C579 /* Extension.swift */ = {isa = PBXFileReference; fileEncoding = 4; lastKnownFileType = sourcecode.swift; path = Extension.swift; sourceTree = "<group>"; };
		369AA9661E312093008C7272 /* ReceiveViewController.swift */ = {isa = PBXFileReference; fileEncoding = 4; lastKnownFileType = sourcecode.swift; path = ReceiveViewController.swift; sourceTree = "<group>"; };
		369AA9671E312093008C7272 /* ReceiveViewController.xib */ = {isa = PBXFileReference; fileEncoding = 4; lastKnownFileType = file.xib; path = ReceiveViewController.xib; sourceTree = "<group>"; };
		369AA96B1E3123DE008C7272 /* DeliveryViewController.swift */ = {isa = PBXFileReference; fileEncoding = 4; lastKnownFileType = sourcecode.swift; path = DeliveryViewController.swift; sourceTree = "<group>"; };
		369AA9711E312442008C7272 /* ReceiveTableViewCell.swift */ = {isa = PBXFileReference; fileEncoding = 4; lastKnownFileType = sourcecode.swift; path = ReceiveTableViewCell.swift; sourceTree = "<group>"; };
		369AA9721E312442008C7272 /* ReceiveTableViewCell.xib */ = {isa = PBXFileReference; fileEncoding = 4; lastKnownFileType = file.xib; path = ReceiveTableViewCell.xib; sourceTree = "<group>"; };
		369AA9771E312904008C7272 /* LoginViewController.swift */ = {isa = PBXFileReference; fileEncoding = 4; lastKnownFileType = sourcecode.swift; path = LoginViewController.swift; sourceTree = "<group>"; };
		369AA9781E312904008C7272 /* LoginViewController.xib */ = {isa = PBXFileReference; fileEncoding = 4; lastKnownFileType = file.xib; path = LoginViewController.xib; sourceTree = "<group>"; };
		36D769FC1E37461A00E6E08B /* DonHenGiaoViewController.swift */ = {isa = PBXFileReference; fileEncoding = 4; lastKnownFileType = sourcecode.swift; path = DonHenGiaoViewController.swift; sourceTree = "<group>"; };
		36D769FD1E37461A00E6E08B /* DonHenGiaoViewController.xib */ = {isa = PBXFileReference; fileEncoding = 4; lastKnownFileType = file.xib; path = DonHenGiaoViewController.xib; sourceTree = "<group>"; };
		36D76A011E37462A00E6E08B /* DonHoanViewController.swift */ = {isa = PBXFileReference; fileEncoding = 4; lastKnownFileType = sourcecode.swift; path = DonHoanViewController.swift; sourceTree = "<group>"; };
		36D76A021E37462A00E6E08B /* DonHoanViewController.xib */ = {isa = PBXFileReference; fileEncoding = 4; lastKnownFileType = file.xib; path = DonHoanViewController.xib; sourceTree = "<group>"; };
		36D76A051E3756CB00E6E08B /* BaseViewController.swift */ = {isa = PBXFileReference; fileEncoding = 4; lastKnownFileType = sourcecode.swift; path = BaseViewController.swift; sourceTree = "<group>"; };
		36D76A071E3758AE00E6E08B /* MBProgressHUD.framework */ = {isa = PBXFileReference; lastKnownFileType = wrapper.framework; name = MBProgressHUD.framework; path = giaohangongvong/Carthage/Build/iOS/MBProgressHUD.framework; sourceTree = "<group>"; };
		36D76A0C1E3875C000E6E08B /* DeliveryObject.swift */ = {isa = PBXFileReference; fileEncoding = 4; lastKnownFileType = sourcecode.swift; path = DeliveryObject.swift; sourceTree = "<group>"; };
		36D76A191E38978000E6E08B /* STPopup.framework */ = {isa = PBXFileReference; lastKnownFileType = wrapper.framework; name = STPopup.framework; path = giaohangongvong/Carthage/Build/iOS/STPopup.framework; sourceTree = "<group>"; };
		36D76A1E1E38A67500E6E08B /* HoanThanhViewController.swift */ = {isa = PBXFileReference; fileEncoding = 4; lastKnownFileType = sourcecode.swift; path = HoanThanhViewController.swift; sourceTree = "<group>"; };
		36D76A1F1E38A67500E6E08B /* HoanThanhViewController.xib */ = {isa = PBXFileReference; fileEncoding = 4; lastKnownFileType = file.xib; path = HoanThanhViewController.xib; sourceTree = "<group>"; };
		36E2CAC71E31D4FB00CBC4A3 /* Alamofire.framework */ = {isa = PBXFileReference; lastKnownFileType = wrapper.framework; name = Alamofire.framework; path = giaohangongvong/Carthage/Build/iOS/Alamofire.framework; sourceTree = "<group>"; };
		36E2CACA1E31D55900CBC4A3 /* giaohangongvong-Bridging-Header.h */ = {isa = PBXFileReference; lastKnownFileType = sourcecode.c.h; path = "giaohangongvong-Bridging-Header.h"; sourceTree = "<group>"; };
		36FA676D1E4EA50400061217 /* CallDieuVanViewController.swift */ = {isa = PBXFileReference; fileEncoding = 4; lastKnownFileType = sourcecode.swift; path = CallDieuVanViewController.swift; sourceTree = "<group>"; };
		36FA676E1E4EA50400061217 /* CallDieuVanViewController.xib */ = {isa = PBXFileReference; fileEncoding = 4; lastKnownFileType = file.xib; path = CallDieuVanViewController.xib; sourceTree = "<group>"; };
		36FA67731E4EB2BA00061217 /* ReceiveDetailTableViewCell.swift */ = {isa = PBXFileReference; fileEncoding = 4; lastKnownFileType = sourcecode.swift; path = ReceiveDetailTableViewCell.swift; sourceTree = "<group>"; };
		36FA67741E4EB2BA00061217 /* ReceiveDetailTableViewCell.xib */ = {isa = PBXFileReference; fileEncoding = 4; lastKnownFileType = file.xib; path = ReceiveDetailTableViewCell.xib; sourceTree = "<group>"; };
		36FCE95F1E4B1A5C00A72871 /* HenGioViewController.swift */ = {isa = PBXFileReference; fileEncoding = 4; lastKnownFileType = sourcecode.swift; path = HenGioViewController.swift; sourceTree = "<group>"; };
		36FCE9601E4B1A5C00A72871 /* HenGioViewController.xib */ = {isa = PBXFileReference; fileEncoding = 4; lastKnownFileType = file.xib; path = HenGioViewController.xib; sourceTree = "<group>"; };
		36FCE9631E4B470300A72871 /* IQKeyboardManagerSwift.framework */ = {isa = PBXFileReference; lastKnownFileType = wrapper.framework; name = IQKeyboardManagerSwift.framework; path = giaohangongvong/Carthage/Build/iOS/IQKeyboardManagerSwift.framework; sourceTree = "<group>"; };
/* End PBXFileReference section */

/* Begin PBXFrameworksBuildPhase section */
		364E0F551E311A2C0012BD45 /* Frameworks */ = {
			isa = PBXFrameworksBuildPhase;
			buildActionMask = 2147483647;
			files = (
				361AC03F1E4DF84500783D00 /* Security.framework in Frameworks */,
				361AC03D1E4DF83C00783D00 /* SystemConfiguration.framework in Frameworks */,
				361AC03B1E4DF83300783D00 /* libz.tbd in Frameworks */,
				361AC0391E4DF82B00783D00 /* libc++.tbd in Frameworks */,
				36D76A1A1E38978000E6E08B /* STPopup.framework in Frameworks */,
				3648DB371E3743750037F710 /* CarbonKit.framework in Frameworks */,
				365F67691E3641BB001B6CEC /* SwiftyJSON.framework in Frameworks */,
				362B775D1E49C77100768F32 /* ToastSwiftFramework.framework in Frameworks */,
				367CA5861E34C7A9004A6D59 /* CoreActionSheetPicker.framework in Frameworks */,
				364E0F741E311AD30012BD45 /* SlideMenuControllerSwift.framework in Frameworks */,
				36FCE9651E4B472600A72871 /* IQKeyboardManagerSwift.framework in Frameworks */,
				36E2CAC81E31D4FB00CBC4A3 /* Alamofire.framework in Frameworks */,
				36D76A081E3758AE00E6E08B /* MBProgressHUD.framework in Frameworks */,
				367CA5871E34C7B3004A6D59 /* CoreActionSheetPicker.framework in Frameworks */,
				365F67681E3641B4001B6CEC /* SwiftyJSON.framework in Frameworks */,
				36D76A091E3758B300E6E08B /* MBProgressHUD.framework in Frameworks */,
				36D76A1B1E38978700E6E08B /* STPopup.framework in Frameworks */,
				364E0F891E311D4E0012BD45 /* SlideMenuControllerSwift.framework in Frameworks */,
				362B775E1E49C77E00768F32 /* ToastSwiftFramework.framework in Frameworks */,
				36FCE9641E4B470300A72871 /* IQKeyboardManagerSwift.framework in Frameworks */,
				36696C341E3CDF92005354BE /* DLRadioButton.framework in Frameworks */,
				3648DB361E37436E0037F710 /* CarbonKit.framework in Frameworks */,
				36696C351E3CDF9D005354BE /* DLRadioButton.framework in Frameworks */,
				36E2CACE1E31D61600CBC4A3 /* Alamofire.framework in Frameworks */,
			);
			runOnlyForDeploymentPostprocessing = 0;
		};
/* End PBXFrameworksBuildPhase section */

/* Begin PBXGroup section */
		361395311E33986600AA980C /* ReceiveTakePicVC */ = {
			isa = PBXGroup;
			children = (
				36662D411E3C283900B30245 /* TakePictureVC */,
				361395321E33988600AA980C /* ReceiveTakePicViewController.swift */,
				361395331E33988600AA980C /* ReceiveTakePicViewController.xib */,
			);
			name = ReceiveTakePicVC;
			sourceTree = "<group>";
		};
		361395361E33989C00AA980C /* NhanDonGiao */ = {
			isa = PBXGroup;
			children = (
				361DCB251E53137C0077755A /* DonGiaoMoiVC */,
				36662D471E3C292200B30245 /* PhoneSearchVC */,
				36662D461E3C291800B30245 /* QuetMaVachVC */,
				361395371E3398AA00AA980C /* NhanDonGiaoViewController.swift */,
				361395381E3398AA00AA980C /* NhanDonGiaoViewController.xib */,
			);
			name = NhanDonGiao;
			sourceTree = "<group>";
		};
		3613953B1E3398AD00AA980C /* HangVeKho */ = {
			isa = PBXGroup;
			children = (
				36D76A001E37461D00E6E08B /* DonHoan */,
				36D769FB1E3745FE00E6E08B /* DonHenGiao */,
				3613953C1E3398BA00AA980C /* HangVeKhoViewController.swift */,
				3613953D1E3398BA00AA980C /* HangVeKhoViewController.xib */,
			);
			name = HangVeKho;
			sourceTree = "<group>";
		};
		361395401E3398BD00AA980C /* PurchaseVC */ = {
			isa = PBXGroup;
			children = (
				361395411E3398CC00AA980C /* PurchaseViewController.swift */,
				361395421E3398CC00AA980C /* PurchaseViewController.xib */,
			);
			name = PurchaseVC;
			sourceTree = "<group>";
		};
		3618E5781E31B8EE00756DB6 /* RegisVC */ = {
			isa = PBXGroup;
			children = (
				367CA5901E34C907004A6D59 /* Regis3VC */,
				367CA58B1E34C8E3004A6D59 /* Regis2VC */,
				367CA58A1E34C8D9004A6D59 /* Regis1VC */,
			);
			name = RegisVC;
			sourceTree = "<group>";
		};
		361AC0371E4DF82A00783D00 /* Frameworks */ = {
			isa = PBXGroup;
			children = (
				361AC03E1E4DF84500783D00 /* Security.framework */,
				361AC03C1E4DF83C00783D00 /* SystemConfiguration.framework */,
				361AC03A1E4DF83300783D00 /* libz.tbd */,
				361AC0381E4DF82B00783D00 /* libc++.tbd */,
			);
			name = Frameworks;
			sourceTree = "<group>";
		};
		361DCB251E53137C0077755A /* DonGiaoMoiVC */ = {
			isa = PBXGroup;
			children = (
				361DCB261E5313950077755A /* DonGIaoMoiViewController.swift */,
				361DCB271E5313950077755A /* DonGIaoMoiViewController.xib */,
			);
			name = DonGiaoMoiVC;
			sourceTree = "<group>";
		};
		362B77571E49BBFB00768F32 /* PhoneSearchCell */ = {
			isa = PBXGroup;
			children = (
				362B77581E49BC1700768F32 /* PhoneSearchTableViewCell.swift */,
				362B77591E49BC1700768F32 /* PhoneSearchTableViewCell.xib */,
			);
			name = PhoneSearchCell;
			sourceTree = "<group>";
		};
		363DCC1D1E54B0280012B0DF /* DonHoan */ = {
			isa = PBXGroup;
			children = (
				363DCC1E1E54B03D0012B0DF /* DonHoanTableViewCell.swift */,
				363DCC1F1E54B03D0012B0DF /* DonHoanTableViewCell.xib */,
			);
			name = DonHoan;
			sourceTree = "<group>";
		};
		364E0F4F1E311A2C0012BD45 = {
			isa = PBXGroup;
			children = (
				365F676B1E36447B001B6CEC /* Model */,
				3655827C1E363C0A002CD1A1 /* Utils */,
				364E0F821E311BF70012BD45 /* View */,
				364E0F751E311AEA0012BD45 /* Controller */,
				364E0F6E1E311AAB0012BD45 /* Helper */,
				364E0F6D1E311A9B0012BD45 /* Lib */,
				364E0F5A1E311A2C0012BD45 /* giaohangongvong */,
				364E0F591E311A2C0012BD45 /* Products */,
				361AC0371E4DF82A00783D00 /* Frameworks */,
			);
			sourceTree = "<group>";
		};
		364E0F591E311A2C0012BD45 /* Products */ = {
			isa = PBXGroup;
			children = (
				364E0F581E311A2C0012BD45 /* giaohangongvong.app */,
			);
			name = Products;
			sourceTree = "<group>";
		};
		364E0F5A1E311A2C0012BD45 /* giaohangongvong */ = {
			isa = PBXGroup;
			children = (
				36665D631E3365E0006B18C0 /* Assets.xcassets */,
				364E0F5B1E311A2C0012BD45 /* AppDelegate.swift */,
				364E0F5D1E311A2C0012BD45 /* ViewController.swift */,
				364E0F5F1E311A2C0012BD45 /* Main.storyboard */,
				364E0F641E311A2C0012BD45 /* LaunchScreen.storyboard */,
				364E0F671E311A2C0012BD45 /* Info.plist */,
			);
			path = giaohangongvong;
			sourceTree = "<group>";
		};
		364E0F6D1E311A9B0012BD45 /* Lib */ = {
			isa = PBXGroup;
			children = (
				36FCE9631E4B470300A72871 /* IQKeyboardManagerSwift.framework */,
				362B775C1E49C77100768F32 /* ToastSwiftFramework.framework */,
				36696C331E3CDF92005354BE /* DLRadioButton.framework */,
				36D76A191E38978000E6E08B /* STPopup.framework */,
				36D76A071E3758AE00E6E08B /* MBProgressHUD.framework */,
				3648DB351E37436E0037F710 /* CarbonKit.framework */,
				365F67671E3641B4001B6CEC /* SwiftyJSON.framework */,
				367CA5851E34C7A9004A6D59 /* CoreActionSheetPicker.framework */,
				36E2CAC91E31D54D00CBC4A3 /* MD5 */,
				36E2CAC71E31D4FB00CBC4A3 /* Alamofire.framework */,
				364E0F731E311AD30012BD45 /* SlideMenuControllerSwift.framework */,
				36E2CACA1E31D55900CBC4A3 /* giaohangongvong-Bridging-Header.h */,
			);
			name = Lib;
			sourceTree = "<group>";
		};
		364E0F6E1E311AAB0012BD45 /* Helper */ = {
			isa = PBXGroup;
			children = (
				367DF2241E4C6964005352EA /* ds_tinh.txt */,
				364E0F6F1E311ABF0012BD45 /* UIColor-Hex-Swift.swift */,
				364E0F701E311ABF0012BD45 /* UIView+IBInspectable.swift */,
				368CDF901E31CF7600A9C579 /* Extension.swift */,
			);
			name = Helper;
			sourceTree = "<group>";
		};
		364E0F751E311AEA0012BD45 /* Controller */ = {
			isa = PBXGroup;
			children = (
				369AA9751E3128DF008C7272 /* Login */,
				364E0F761E311AF00012BD45 /* Main */,
				36D76A051E3756CB00E6E08B /* BaseViewController.swift */,
			);
			name = Controller;
			sourceTree = "<group>";
		};
		364E0F761E311AF00012BD45 /* Main */ = {
			isa = PBXGroup;
			children = (
				361395401E3398BD00AA980C /* PurchaseVC */,
				3613953B1E3398AD00AA980C /* HangVeKho */,
				361395361E33989C00AA980C /* NhanDonGiao */,
				361395311E33986600AA980C /* ReceiveTakePicVC */,
				369AA96A1E3123A2008C7272 /* DeliveryVC */,
				369AA9651E312068008C7272 /* ReceiveVC */,
				364E0F7D1E311B130012BD45 /* MenuVC */,
				364E0F771E311AF70012BD45 /* MainVC */,
			);
			name = Main;
			sourceTree = "<group>";
		};
		364E0F771E311AF70012BD45 /* MainVC */ = {
			isa = PBXGroup;
			children = (
				36FA676C1E4EA4EC00061217 /* CallDieuVan */,
				364E0F781E311B070012BD45 /* MainViewController.swift */,
				364E0F791E311B070012BD45 /* MainViewController.xib */,
			);
			name = MainVC;
			sourceTree = "<group>";
		};
		364E0F7D1E311B130012BD45 /* MenuVC */ = {
			isa = PBXGroup;
			children = (
				364E0F7E1E311B230012BD45 /* MenuViewController.swift */,
				364E0F7F1E311B230012BD45 /* MenuViewController.xib */,
			);
			name = MenuVC;
			sourceTree = "<group>";
		};
		364E0F821E311BF70012BD45 /* View */ = {
			isa = PBXGroup;
			children = (
				364E0F831E311BFD0012BD45 /* Cell */,
			);
			name = View;
			sourceTree = "<group>";
		};
		364E0F831E311BFD0012BD45 /* Cell */ = {
			isa = PBXGroup;
			children = (
				363DCC1D1E54B0280012B0DF /* DonHoan */,
				36534C061E4F037600229DD5 /* Regis */,
				362B77571E49BBFB00768F32 /* PhoneSearchCell */,
				36665D651E336B30006B18C0 /* ReceiveCell */,
				369AA96F1E312422008C7272 /* DeliveryCell */,
				364E0F841E311C040012BD45 /* MenuCell */,
			);
			name = Cell;
			sourceTree = "<group>";
		};
		364E0F841E311C040012BD45 /* MenuCell */ = {
			isa = PBXGroup;
			children = (
				364E0F851E311C170012BD45 /* MenuTableViewCell.swift */,
				364E0F861E311C170012BD45 /* MenuTableViewCell.xib */,
			);
			name = MenuCell;
			sourceTree = "<group>";
		};
		365024641E38ED2600963E0B /* HoanDonPopUP */ = {
			isa = PBXGroup;
			children = (
				365024661E38ED5C00963E0B /* HoanDonViewController.swift */,
				365024671E38ED5C00963E0B /* HoanDonViewController.xib */,
			);
			name = HoanDonPopUP;
			sourceTree = "<group>";
		};
		365024651E38ED3F00963E0B /* GhiChuPopUp */ = {
			isa = PBXGroup;
			children = (
				3650246C1E38F3E800963E0B /* GhiChuViewController.swift */,
				3650246D1E38F3E800963E0B /* GhiChuViewController.xib */,
			);
			name = GhiChuPopUp;
			sourceTree = "<group>";
		};
		36534BF91E4ED4B000229DD5 /* HuyDonVC */ = {
			isa = PBXGroup;
			children = (
				36534BFA1E4ED4C200229DD5 /* HuyDonViewController.swift */,
				36534BFB1E4ED4C200229DD5 /* HuyDonViewController.xib */,
			);
			name = HuyDonVC;
			sourceTree = "<group>";
		};
		36534BFE1E4EE8C300229DD5 /* ChuyenDonVC */ = {
			isa = PBXGroup;
			children = (
				36534BFF1E4EE8D300229DD5 /* ChuyenDonViewController.swift */,
				36534C001E4EE8D300229DD5 /* ChuyenDonViewController.xib */,
			);
			name = ChuyenDonVC;
			sourceTree = "<group>";
		};
		36534C031E4EF2E900229DD5 /* NhanVien */ = {
			isa = PBXGroup;
			children = (
				36534C041E4EF2F800229DD5 /* NhanVien.swift */,
			);
			name = NhanVien;
			sourceTree = "<group>";
		};
		36534C061E4F037600229DD5 /* Regis */ = {
			isa = PBXGroup;
			children = (
				36534C071E4F037D00229DD5 /* RegisInfoFamily */,
			);
			name = Regis;
			sourceTree = "<group>";
		};
		36534C071E4F037D00229DD5 /* RegisInfoFamily */ = {
			isa = PBXGroup;
			children = (
				36534C081E4F039100229DD5 /* RegisInfoFamilyTableViewCell.swift */,
				36534C091E4F039100229DD5 /* RegisInfoFamilyTableViewCell.xib */,
			);
			name = RegisInfoFamily;
			sourceTree = "<group>";
		};
		3655827C1E363C0A002CD1A1 /* Utils */ = {
			isa = PBXGroup;
			children = (
				3655827D1E363C1C002CD1A1 /* UtilsConvert.swift */,
			);
			name = Utils;
			sourceTree = "<group>";
		};
		365D68551E51A4430022F0B5 /* collectionView */ = {
			isa = PBXGroup;
			children = (
				365D68561E51A45B0022F0B5 /* DeliveryCollectionViewCell.swift */,
				365D68571E51A45B0022F0B5 /* DeliveryCollectionViewCell.xib */,
			);
			name = collectionView;
			sourceTree = "<group>";
		};
		365F676B1E36447B001B6CEC /* Model */ = {
			isa = PBXGroup;
			children = (
				36534C031E4EF2E900229DD5 /* NhanVien */,
				36D76A0B1E3875AC00E6E08B /* Delivery */,
				365F676C1E364481001B6CEC /* Receive */,
			);
			name = Model;
			sourceTree = "<group>";
		};
		365F676C1E364481001B6CEC /* Receive */ = {
			isa = PBXGroup;
			children = (
				365F676D1E364491001B6CEC /* ReceivePerson.swift */,
			);
			name = Receive;
			sourceTree = "<group>";
		};
		36662D411E3C283900B30245 /* TakePictureVC */ = {
			isa = PBXGroup;
			children = (
				36662D421E3C284B00B30245 /* TakePictureViewController.swift */,
				36662D431E3C284B00B30245 /* TakePictureViewController.xib */,
			);
			name = TakePictureVC;
			sourceTree = "<group>";
		};
		36662D461E3C291800B30245 /* QuetMaVachVC */ = {
			isa = PBXGroup;
			children = (
				36662D481E3C293600B30245 /* QuetMaVachViewController.swift */,
				36662D491E3C293600B30245 /* QuetMaVachViewController.xib */,
			);
			name = QuetMaVachVC;
			sourceTree = "<group>";
		};
		36662D471E3C292200B30245 /* PhoneSearchVC */ = {
			isa = PBXGroup;
			children = (
				36662D4C1E3C294700B30245 /* PhoneSearchViewController.swift */,
				36662D4D1E3C294700B30245 /* PhoneSearchViewController.xib */,
			);
			name = PhoneSearchVC;
			sourceTree = "<group>";
		};
		36665D651E336B30006B18C0 /* ReceiveCell */ = {
			isa = PBXGroup;
			children = (
				36FA67721E4EB2A100061217 /* ReceiveDetailCell */,
				36665D661E336B3C006B18C0 /* ReceiveCellClicked */,
				369AA9701E31242A008C7272 /* ReceiveCellNormal */,
			);
			name = ReceiveCell;
			sourceTree = "<group>";
		};
		36665D661E336B3C006B18C0 /* ReceiveCellClicked */ = {
			isa = PBXGroup;
			children = (
				36665D671E336B62006B18C0 /* ReceiveTappedTableViewCell.swift */,
				36665D681E336B62006B18C0 /* ReceiveTappedTableViewCell.xib */,
			);
			name = ReceiveCellClicked;
			sourceTree = "<group>";
		};
		367CA58A1E34C8D9004A6D59 /* Regis1VC */ = {
			isa = PBXGroup;
			children = (
				3618E5791E31B91300756DB6 /* RegisterViewController.swift */,
				3618E57A1E31B91300756DB6 /* RegisterViewController.xib */,
			);
			name = Regis1VC;
			sourceTree = "<group>";
		};
		367CA58B1E34C8E3004A6D59 /* Regis2VC */ = {
			isa = PBXGroup;
			children = (
				367CA58C1E34C8FC004A6D59 /* RegisInforFamilyViewController.swift */,
				367CA58D1E34C8FC004A6D59 /* RegisInforFamilyViewController.xib */,
			);
			name = Regis2VC;
			sourceTree = "<group>";
		};
		367CA5901E34C907004A6D59 /* Regis3VC */ = {
			isa = PBXGroup;
			children = (
				367CA5911E34C924004A6D59 /* RegisInfoAccountViewController.swift */,
				367CA5921E34C924004A6D59 /* RegisInfoAccountViewController.xib */,
			);
			name = Regis3VC;
			sourceTree = "<group>";
		};
		369AA9651E312068008C7272 /* ReceiveVC */ = {
			isa = PBXGroup;
			children = (
				36534BFE1E4EE8C300229DD5 /* ChuyenDonVC */,
				36534BF91E4ED4B000229DD5 /* HuyDonVC */,
				369AA9661E312093008C7272 /* ReceiveViewController.swift */,
				369AA9671E312093008C7272 /* ReceiveViewController.xib */,
			);
			name = ReceiveVC;
			sourceTree = "<group>";
		};
		369AA96A1E3123A2008C7272 /* DeliveryVC */ = {
			isa = PBXGroup;
			children = (
				36FCE95E1E4B18E000A72871 /* DoiDiaChiVC */,
				36FCE95D1E4B18D600A72871 /* HenGioVC */,
				365024651E38ED3F00963E0B /* GhiChuPopUp */,
				365024641E38ED2600963E0B /* HoanDonPopUP */,
				36D76A1D1E38A65F00E6E08B /* HoanThanhPopUp */,
				369AA96B1E3123DE008C7272 /* DeliveryViewController.swift */,
				365D68531E51A29F0022F0B5 /* DeliveryViewController.xib */,
			);
			name = DeliveryVC;
			sourceTree = "<group>";
		};
		369AA96F1E312422008C7272 /* DeliveryCell */ = {
			isa = PBXGroup;
			children = (
				365D68551E51A4430022F0B5 /* collectionView */,
			);
			name = DeliveryCell;
			sourceTree = "<group>";
		};
		369AA9701E31242A008C7272 /* ReceiveCellNormal */ = {
			isa = PBXGroup;
			children = (
				369AA9711E312442008C7272 /* ReceiveTableViewCell.swift */,
				369AA9721E312442008C7272 /* ReceiveTableViewCell.xib */,
			);
			name = ReceiveCellNormal;
			sourceTree = "<group>";
		};
		369AA9751E3128DF008C7272 /* Login */ = {
			isa = PBXGroup;
			children = (
				3618E5781E31B8EE00756DB6 /* RegisVC */,
				369AA9761E3128ED008C7272 /* LoginVC */,
			);
			name = Login;
			sourceTree = "<group>";
		};
		369AA9761E3128ED008C7272 /* LoginVC */ = {
			isa = PBXGroup;
			children = (
				369AA9771E312904008C7272 /* LoginViewController.swift */,
				369AA9781E312904008C7272 /* LoginViewController.xib */,
			);
			name = LoginVC;
			sourceTree = "<group>";
		};
		36D769FB1E3745FE00E6E08B /* DonHenGiao */ = {
			isa = PBXGroup;
			children = (
				36D769FC1E37461A00E6E08B /* DonHenGiaoViewController.swift */,
				36D769FD1E37461A00E6E08B /* DonHenGiaoViewController.xib */,
			);
			name = DonHenGiao;
			sourceTree = "<group>";
		};
		36D76A001E37461D00E6E08B /* DonHoan */ = {
			isa = PBXGroup;
			children = (
				36D76A011E37462A00E6E08B /* DonHoanViewController.swift */,
				36D76A021E37462A00E6E08B /* DonHoanViewController.xib */,
			);
			name = DonHoan;
			sourceTree = "<group>";
		};
		36D76A0B1E3875AC00E6E08B /* Delivery */ = {
			isa = PBXGroup;
			children = (
				36D76A0C1E3875C000E6E08B /* DeliveryObject.swift */,
			);
			name = Delivery;
			sourceTree = "<group>";
		};
		36D76A1D1E38A65F00E6E08B /* HoanThanhPopUp */ = {
			isa = PBXGroup;
			children = (
				36D76A1E1E38A67500E6E08B /* HoanThanhViewController.swift */,
				36D76A1F1E38A67500E6E08B /* HoanThanhViewController.xib */,
			);
			name = HoanThanhPopUp;
			sourceTree = "<group>";
		};
		36E2CAC91E31D54D00CBC4A3 /* MD5 */ = {
			isa = PBXGroup;
			children = (
			);
			name = MD5;
			sourceTree = "<group>";
		};
		36FA676C1E4EA4EC00061217 /* CallDieuVan */ = {
			isa = PBXGroup;
			children = (
				36FA676D1E4EA50400061217 /* CallDieuVanViewController.swift */,
				36FA676E1E4EA50400061217 /* CallDieuVanViewController.xib */,
			);
			name = CallDieuVan;
			sourceTree = "<group>";
		};
		36FA67721E4EB2A100061217 /* ReceiveDetailCell */ = {
			isa = PBXGroup;
			children = (
				36FA67731E4EB2BA00061217 /* ReceiveDetailTableViewCell.swift */,
				36FA67741E4EB2BA00061217 /* ReceiveDetailTableViewCell.xib */,
			);
			name = ReceiveDetailCell;
			sourceTree = "<group>";
		};
		36FCE95D1E4B18D600A72871 /* HenGioVC */ = {
			isa = PBXGroup;
			children = (
				36FCE95F1E4B1A5C00A72871 /* HenGioViewController.swift */,
				36FCE9601E4B1A5C00A72871 /* HenGioViewController.xib */,
			);
			name = HenGioVC;
			sourceTree = "<group>";
		};
		36FCE95E1E4B18E000A72871 /* DoiDiaChiVC */ = {
			isa = PBXGroup;
			children = (
				361AC02B1E4DEAA800783D00 /* DoiDiaChiViewController.swift */,
				361AC02C1E4DEAA800783D00 /* DoiDiaChiViewController.xib */,
			);
			name = DoiDiaChiVC;
			sourceTree = "<group>";
		};
/* End PBXGroup section */

/* Begin PBXNativeTarget section */
		364E0F571E311A2C0012BD45 /* giaohangongvong */ = {
			isa = PBXNativeTarget;
			buildConfigurationList = 364E0F6A1E311A2C0012BD45 /* Build configuration list for PBXNativeTarget "giaohangongvong" */;
			buildPhases = (
				364E0F541E311A2C0012BD45 /* Sources */,
				364E0F551E311A2C0012BD45 /* Frameworks */,
				364E0F561E311A2C0012BD45 /* Resources */,
				364E0F8B1E311D4E0012BD45 /* Embed Frameworks */,
			);
			buildRules = (
			);
			dependencies = (
			);
			name = giaohangongvong;
			productName = giaohangongvong;
			productReference = 364E0F581E311A2C0012BD45 /* giaohangongvong.app */;
			productType = "com.apple.product-type.application";
		};
/* End PBXNativeTarget section */

/* Begin PBXProject section */
		364E0F501E311A2C0012BD45 /* Project object */ = {
			isa = PBXProject;
			attributes = {
				LastSwiftUpdateCheck = 0820;
				LastUpgradeCheck = 0820;
				ORGANIZATIONNAME = "Anh Tuan";
				TargetAttributes = {
					364E0F571E311A2C0012BD45 = {
						CreatedOnToolsVersion = 8.2.1;
						DevelopmentTeam = 58T94JVAD5;
						LastSwiftMigration = 0820;
						ProvisioningStyle = Automatic;
					};
				};
			};
			buildConfigurationList = 364E0F531E311A2C0012BD45 /* Build configuration list for PBXProject "giaohangongvong" */;
			compatibilityVersion = "Xcode 3.2";
			developmentRegion = English;
			hasScannedForEncodings = 0;
			knownRegions = (
				en,
				Base,
			);
			mainGroup = 364E0F4F1E311A2C0012BD45;
			productRefGroup = 364E0F591E311A2C0012BD45 /* Products */;
			projectDirPath = "";
			projectRoot = "";
			targets = (
				364E0F571E311A2C0012BD45 /* giaohangongvong */,
			);
		};
/* End PBXProject section */

/* Begin PBXResourcesBuildPhase section */
		364E0F561E311A2C0012BD45 /* Resources */ = {
			isa = PBXResourcesBuildPhase;
			buildActionMask = 2147483647;
			files = (
				36FA67761E4EB2BA00061217 /* ReceiveDetailTableViewCell.xib in Resources */,
				36662D451E3C284B00B30245 /* TakePictureViewController.xib in Resources */,
				3650246F1E38F3E800963E0B /* GhiChuViewController.xib in Resources */,
				3618E57C1E31B91300756DB6 /* RegisterViewController.xib in Resources */,
				369AA97A1E312904008C7272 /* LoginViewController.xib in Resources */,
				36665D641E3365E0006B18C0 /* Assets.xcassets in Resources */,
				36662D4F1E3C294700B30245 /* PhoneSearchViewController.xib in Resources */,
				367CA5941E34C924004A6D59 /* RegisInfoAccountViewController.xib in Resources */,
				36D76A041E37462A00E6E08B /* DonHoanViewController.xib in Resources */,
				365D68541E51A29F0022F0B5 /* DeliveryViewController.xib in Resources */,
				36662D4B1E3C293600B30245 /* QuetMaVachViewController.xib in Resources */,
				361AC02E1E4DEAA800783D00 /* DoiDiaChiViewController.xib in Resources */,
				364E0F881E311C170012BD45 /* MenuTableViewCell.xib in Resources */,
				364E0F661E311A2C0012BD45 /* LaunchScreen.storyboard in Resources */,
				361395441E3398CC00AA980C /* PurchaseViewController.xib in Resources */,
				365024691E38ED5C00963E0B /* HoanDonViewController.xib in Resources */,
				3613953F1E3398BA00AA980C /* HangVeKhoViewController.xib in Resources */,
				36534C0B1E4F039100229DD5 /* RegisInfoFamilyTableViewCell.xib in Resources */,
				367CA58F1E34C8FC004A6D59 /* RegisInforFamilyViewController.xib in Resources */,
				362B775B1E49BC1700768F32 /* PhoneSearchTableViewCell.xib in Resources */,
				36534C021E4EE8D300229DD5 /* ChuyenDonViewController.xib in Resources */,
				361DCB291E5313950077755A /* DonGIaoMoiViewController.xib in Resources */,
				364E0F811E311B230012BD45 /* MenuViewController.xib in Resources */,
				361395351E33988600AA980C /* ReceiveTakePicViewController.xib in Resources */,
				369AA9691E312093008C7272 /* ReceiveViewController.xib in Resources */,
				36665D6A1E336B62006B18C0 /* ReceiveTappedTableViewCell.xib in Resources */,
				367DF2251E4C6964005352EA /* ds_tinh.txt in Resources */,
				369AA9741E312442008C7272 /* ReceiveTableViewCell.xib in Resources */,
				364E0F611E311A2C0012BD45 /* Main.storyboard in Resources */,
				36FCE9621E4B1A5C00A72871 /* HenGioViewController.xib in Resources */,
				3613953A1E3398AA00AA980C /* NhanDonGiaoViewController.xib in Resources */,
				36FA67701E4EA50400061217 /* CallDieuVanViewController.xib in Resources */,
				36D76A211E38A67500E6E08B /* HoanThanhViewController.xib in Resources */,
				364E0F7B1E311B070012BD45 /* MainViewController.xib in Resources */,
				36534BFD1E4ED4C200229DD5 /* HuyDonViewController.xib in Resources */,
				365D68591E51A45B0022F0B5 /* DeliveryCollectionViewCell.xib in Resources */,
				36D769FF1E37461A00E6E08B /* DonHenGiaoViewController.xib in Resources */,
				363DCC211E54B03E0012B0DF /* DonHoanTableViewCell.xib in Resources */,
			);
			runOnlyForDeploymentPostprocessing = 0;
		};
/* End PBXResourcesBuildPhase section */

/* Begin PBXSourcesBuildPhase section */
		364E0F541E311A2C0012BD45 /* Sources */ = {
			isa = PBXSourcesBuildPhase;
			buildActionMask = 2147483647;
			files = (
				3650246E1E38F3E800963E0B /* GhiChuViewController.swift in Sources */,
				36665D691E336B62006B18C0 /* ReceiveTappedTableViewCell.swift in Sources */,
				367CA5931E34C924004A6D59 /* RegisInfoAccountViewController.swift in Sources */,
				369AA9681E312093008C7272 /* ReceiveViewController.swift in Sources */,
				364E0F5E1E311A2C0012BD45 /* ViewController.swift in Sources */,
				36662D4E1E3C294700B30245 /* PhoneSearchViewController.swift in Sources */,
				3655827E1E363C1C002CD1A1 /* UtilsConvert.swift in Sources */,
				364E0F801E311B230012BD45 /* MenuViewController.swift in Sources */,
				3618E57B1E31B91300756DB6 /* RegisterViewController.swift in Sources */,
				364E0F871E311C170012BD45 /* MenuTableViewCell.swift in Sources */,
				364E0F711E311ABF0012BD45 /* UIColor-Hex-Swift.swift in Sources */,
				363DCC201E54B03E0012B0DF /* DonHoanTableViewCell.swift in Sources */,
				3613953E1E3398BA00AA980C /* HangVeKhoViewController.swift in Sources */,
				365024681E38ED5C00963E0B /* HoanDonViewController.swift in Sources */,
				369AA96D1E3123DE008C7272 /* DeliveryViewController.swift in Sources */,
				364E0F721E311ABF0012BD45 /* UIView+IBInspectable.swift in Sources */,
				36D769FE1E37461A00E6E08B /* DonHenGiaoViewController.swift in Sources */,
				365D68581E51A45B0022F0B5 /* DeliveryCollectionViewCell.swift in Sources */,
				369AA9731E312442008C7272 /* ReceiveTableViewCell.swift in Sources */,
				361395431E3398CC00AA980C /* PurchaseViewController.swift in Sources */,
				36D76A201E38A67500E6E08B /* HoanThanhViewController.swift in Sources */,
				36FA676F1E4EA50400061217 /* CallDieuVanViewController.swift in Sources */,
				364E0F5C1E311A2C0012BD45 /* AppDelegate.swift in Sources */,
				36534C011E4EE8D300229DD5 /* ChuyenDonViewController.swift in Sources */,
				368CDF911E31CF7600A9C579 /* Extension.swift in Sources */,
				36662D4A1E3C293600B30245 /* QuetMaVachViewController.swift in Sources */,
				367CA58E1E34C8FC004A6D59 /* RegisInforFamilyViewController.swift in Sources */,
				364E0F7A1E311B070012BD45 /* MainViewController.swift in Sources */,
				361395341E33988600AA980C /* ReceiveTakePicViewController.swift in Sources */,
				36534C0A1E4F039100229DD5 /* RegisInfoFamilyTableViewCell.swift in Sources */,
				36534BFC1E4ED4C200229DD5 /* HuyDonViewController.swift in Sources */,
				36FCE9611E4B1A5C00A72871 /* HenGioViewController.swift in Sources */,
				36D76A061E3756CB00E6E08B /* BaseViewController.swift in Sources */,
				36D76A031E37462A00E6E08B /* DonHoanViewController.swift in Sources */,
				36662D441E3C284B00B30245 /* TakePictureViewController.swift in Sources */,
				36D76A0D1E3875C000E6E08B /* DeliveryObject.swift in Sources */,
				36534C051E4EF2F800229DD5 /* NhanVien.swift in Sources */,
				369AA9791E312904008C7272 /* LoginViewController.swift in Sources */,
				361AC02D1E4DEAA800783D00 /* DoiDiaChiViewController.swift in Sources */,
				362B775A1E49BC1700768F32 /* PhoneSearchTableViewCell.swift in Sources */,
				361DCB281E5313950077755A /* DonGIaoMoiViewController.swift in Sources */,
				365F676E1E364491001B6CEC /* ReceivePerson.swift in Sources */,
				361395391E3398AA00AA980C /* NhanDonGiaoViewController.swift in Sources */,
				36FA67751E4EB2BA00061217 /* ReceiveDetailTableViewCell.swift in Sources */,
			);
			runOnlyForDeploymentPostprocessing = 0;
		};
/* End PBXSourcesBuildPhase section */

/* Begin PBXVariantGroup section */
		364E0F5F1E311A2C0012BD45 /* Main.storyboard */ = {
			isa = PBXVariantGroup;
			children = (
				364E0F601E311A2C0012BD45 /* Base */,
			);
			name = Main.storyboard;
			sourceTree = "<group>";
		};
		364E0F641E311A2C0012BD45 /* LaunchScreen.storyboard */ = {
			isa = PBXVariantGroup;
			children = (
				364E0F651E311A2C0012BD45 /* Base */,
			);
			name = LaunchScreen.storyboard;
			sourceTree = "<group>";
		};
/* End PBXVariantGroup section */

/* Begin XCBuildConfiguration section */
		364E0F681E311A2C0012BD45 /* Debug */ = {
			isa = XCBuildConfiguration;
			buildSettings = {
				ALWAYS_SEARCH_USER_PATHS = NO;
				CLANG_ANALYZER_NONNULL = YES;
				CLANG_CXX_LANGUAGE_STANDARD = "gnu++0x";
				CLANG_CXX_LIBRARY = "libc++";
				CLANG_ENABLE_MODULES = YES;
				CLANG_ENABLE_OBJC_ARC = YES;
				CLANG_WARN_BOOL_CONVERSION = YES;
				CLANG_WARN_CONSTANT_CONVERSION = YES;
				CLANG_WARN_DIRECT_OBJC_ISA_USAGE = YES_ERROR;
				CLANG_WARN_DOCUMENTATION_COMMENTS = YES;
				CLANG_WARN_EMPTY_BODY = YES;
				CLANG_WARN_ENUM_CONVERSION = YES;
				CLANG_WARN_INFINITE_RECURSION = YES;
				CLANG_WARN_INT_CONVERSION = YES;
				CLANG_WARN_OBJC_ROOT_CLASS = YES_ERROR;
				CLANG_WARN_SUSPICIOUS_MOVE = YES;
				CLANG_WARN_UNREACHABLE_CODE = YES;
				CLANG_WARN__DUPLICATE_METHOD_MATCH = YES;
				"CODE_SIGN_IDENTITY[sdk=iphoneos*]" = "iPhone Developer";
				COPY_PHASE_STRIP = NO;
				DEBUG_INFORMATION_FORMAT = dwarf;
				ENABLE_STRICT_OBJC_MSGSEND = YES;
				ENABLE_TESTABILITY = YES;
				GCC_C_LANGUAGE_STANDARD = gnu99;
				GCC_DYNAMIC_NO_PIC = NO;
				GCC_NO_COMMON_BLOCKS = YES;
				GCC_OPTIMIZATION_LEVEL = 0;
				GCC_PREPROCESSOR_DEFINITIONS = (
					"DEBUG=1",
					"$(inherited)",
				);
				GCC_WARN_64_TO_32_BIT_CONVERSION = YES;
				GCC_WARN_ABOUT_RETURN_TYPE = YES_ERROR;
				GCC_WARN_UNDECLARED_SELECTOR = YES;
				GCC_WARN_UNINITIALIZED_AUTOS = YES_AGGRESSIVE;
				GCC_WARN_UNUSED_FUNCTION = YES;
				GCC_WARN_UNUSED_VARIABLE = YES;
				IPHONEOS_DEPLOYMENT_TARGET = 10.2;
				MTL_ENABLE_DEBUG_INFO = YES;
				ONLY_ACTIVE_ARCH = YES;
				OTHER_LDFLAGS = "-lc++";
				SDKROOT = iphoneos;
				SWIFT_ACTIVE_COMPILATION_CONDITIONS = DEBUG;
				SWIFT_OPTIMIZATION_LEVEL = "-Onone";
				TARGETED_DEVICE_FAMILY = "1,2";
			};
			name = Debug;
		};
		364E0F691E311A2C0012BD45 /* Release */ = {
			isa = XCBuildConfiguration;
			buildSettings = {
				ALWAYS_SEARCH_USER_PATHS = NO;
				CLANG_ANALYZER_NONNULL = YES;
				CLANG_CXX_LANGUAGE_STANDARD = "gnu++0x";
				CLANG_CXX_LIBRARY = "libc++";
				CLANG_ENABLE_MODULES = YES;
				CLANG_ENABLE_OBJC_ARC = YES;
				CLANG_WARN_BOOL_CONVERSION = YES;
				CLANG_WARN_CONSTANT_CONVERSION = YES;
				CLANG_WARN_DIRECT_OBJC_ISA_USAGE = YES_ERROR;
				CLANG_WARN_DOCUMENTATION_COMMENTS = YES;
				CLANG_WARN_EMPTY_BODY = YES;
				CLANG_WARN_ENUM_CONVERSION = YES;
				CLANG_WARN_INFINITE_RECURSION = YES;
				CLANG_WARN_INT_CONVERSION = YES;
				CLANG_WARN_OBJC_ROOT_CLASS = YES_ERROR;
				CLANG_WARN_SUSPICIOUS_MOVE = YES;
				CLANG_WARN_UNREACHABLE_CODE = YES;
				CLANG_WARN__DUPLICATE_METHOD_MATCH = YES;
				"CODE_SIGN_IDENTITY[sdk=iphoneos*]" = "iPhone Developer";
				COPY_PHASE_STRIP = NO;
				DEBUG_INFORMATION_FORMAT = "dwarf-with-dsym";
				ENABLE_NS_ASSERTIONS = NO;
				ENABLE_STRICT_OBJC_MSGSEND = YES;
				GCC_C_LANGUAGE_STANDARD = gnu99;
				GCC_NO_COMMON_BLOCKS = YES;
				GCC_WARN_64_TO_32_BIT_CONVERSION = YES;
				GCC_WARN_ABOUT_RETURN_TYPE = YES_ERROR;
				GCC_WARN_UNDECLARED_SELECTOR = YES;
				GCC_WARN_UNINITIALIZED_AUTOS = YES_AGGRESSIVE;
				GCC_WARN_UNUSED_FUNCTION = YES;
				GCC_WARN_UNUSED_VARIABLE = YES;
				IPHONEOS_DEPLOYMENT_TARGET = 10.2;
				MTL_ENABLE_DEBUG_INFO = NO;
				OTHER_LDFLAGS = "-lc++";
				SDKROOT = iphoneos;
				SWIFT_OPTIMIZATION_LEVEL = "-Owholemodule";
				TARGETED_DEVICE_FAMILY = "1,2";
				VALIDATE_PRODUCT = YES;
			};
			name = Release;
		};
		364E0F6B1E311A2C0012BD45 /* Debug */ = {
			isa = XCBuildConfiguration;
			buildSettings = {
				ASSETCATALOG_COMPILER_APPICON_NAME = AppIcon;
				CLANG_ENABLE_MODULES = YES;
				DEVELOPMENT_TEAM = 58T94JVAD5;
				FRAMEWORK_SEARCH_PATHS = (
					"$(inherited)",
					"$(PROJECT_DIR)/giaohangongvong/Carthage/Build/iOS",
					"$(PROJECT_DIR)",
				);
				INFOPLIST_FILE = giaohangongvong/Info.plist;
				IPHONEOS_DEPLOYMENT_TARGET = 8.0;
				LD_RUNPATH_SEARCH_PATHS = "$(inherited) @executable_path/Frameworks";
				OTHER_LDFLAGS = "-lc++";
				PRODUCT_BUNDLE_IDENTIFIER = com.linecentury.giaohangongvong;
				PRODUCT_NAME = "$(TARGET_NAME)";
				SWIFT_OBJC_BRIDGING_HEADER = "giaohangongvong-Bridging-Header.h";
				SWIFT_OPTIMIZATION_LEVEL = "-Onone";
				SWIFT_VERSION = 3.0;
			};
			name = Debug;
		};
		364E0F6C1E311A2C0012BD45 /* Release */ = {
			isa = XCBuildConfiguration;
			buildSettings = {
				ASSETCATALOG_COMPILER_APPICON_NAME = AppIcon;
				CLANG_ENABLE_MODULES = YES;
				DEVELOPMENT_TEAM = 58T94JVAD5;
				FRAMEWORK_SEARCH_PATHS = (
					"$(inherited)",
					"$(PROJECT_DIR)/giaohangongvong/Carthage/Build/iOS",
					"$(PROJECT_DIR)",
				);
				INFOPLIST_FILE = giaohangongvong/Info.plist;
				IPHONEOS_DEPLOYMENT_TARGET = 8.0;
				LD_RUNPATH_SEARCH_PATHS = "$(inherited) @executable_path/Frameworks";
				OTHER_LDFLAGS = "-lc++";
				PRODUCT_BUNDLE_IDENTIFIER = com.linecentury.giaohangongvong;
				PRODUCT_NAME = "$(TARGET_NAME)";
				SWIFT_OBJC_BRIDGING_HEADER = "giaohangongvong-Bridging-Header.h";
				SWIFT_VERSION = 3.0;
			};
			name = Release;
		};
/* End XCBuildConfiguration section */

/* Begin XCConfigurationList section */
		364E0F531E311A2C0012BD45 /* Build configuration list for PBXProject "giaohangongvong" */ = {
			isa = XCConfigurationList;
			buildConfigurations = (
				364E0F681E311A2C0012BD45 /* Debug */,
				364E0F691E311A2C0012BD45 /* Release */,
			);
			defaultConfigurationIsVisible = 0;
			defaultConfigurationName = Release;
		};
		364E0F6A1E311A2C0012BD45 /* Build configuration list for PBXNativeTarget "giaohangongvong" */ = {
			isa = XCConfigurationList;
			buildConfigurations = (
				364E0F6B1E311A2C0012BD45 /* Debug */,
				364E0F6C1E311A2C0012BD45 /* Release */,
			);
			defaultConfigurationIsVisible = 0;
			defaultConfigurationName = Release;
		};
/* End XCConfigurationList section */
	};
	rootObject = 364E0F501E311A2C0012BD45 /* Project object */;
}
